// !$*UTF8*$!
{
	archiveVersion = 1;
	classes = {
	};
	objectVersion = 48;
	objects = {

/* Begin PBXBuildFile section */
		D8BA72D5203B3AC600407EFD /* AppDelegate.m in Sources */ = {isa = PBXBuildFile; fileRef = D8BA72D4203B3AC600407EFD /* AppDelegate.m */; };
		D8BA72DB203B3AC600407EFD /* Main.storyboard in Resources */ = {isa = PBXBuildFile; fileRef = D8BA72D9203B3AC600407EFD /* Main.storyboard */; };
		D8BA72DE203B3AC600407EFD /* Amazon.xcdatamodeld in Sources */ = {isa = PBXBuildFile; fileRef = D8BA72DC203B3AC600407EFD /* Amazon.xcdatamodeld */; };
		D8BA72E0203B3AC600407EFD /* Assets.xcassets in Resources */ = {isa = PBXBuildFile; fileRef = D8BA72DF203B3AC600407EFD /* Assets.xcassets */; };
		D8BA72E3203B3AC600407EFD /* LaunchScreen.storyboard in Resources */ = {isa = PBXBuildFile; fileRef = D8BA72E1203B3AC600407EFD /* LaunchScreen.storyboard */; };
		D8BA72E6203B3AC600407EFD /* main.m in Sources */ = {isa = PBXBuildFile; fileRef = D8BA72E5203B3AC600407EFD /* main.m */; };
		D8EDAF1E20459317002AC498 /* MyViewController.m in Sources */ = {isa = PBXBuildFile; fileRef = D8EDAF1D20459317002AC498 /* MyViewController.m */; };
/* End PBXBuildFile section */

/* Begin PBXFileReference section */
		D8BA72D0203B3AC600407EFD /* Amazon.app */ = {isa = PBXFileReference; explicitFileType = wrapper.application; includeInIndex = 0; path = Amazon.app; sourceTree = BUILT_PRODUCTS_DIR; };
		D8BA72D3203B3AC600407EFD /* AppDelegate.h */ = {isa = PBXFileReference; lastKnownFileType = sourcecode.c.h; path = AppDelegate.h; sourceTree = "<group>"; };
		D8BA72D4203B3AC600407EFD /* AppDelegate.m */ = {isa = PBXFileReference; lastKnownFileType = sourcecode.c.objc; path = AppDelegate.m; sourceTree = "<group>"; };
		D8BA72DA203B3AC600407EFD /* Base */ = {isa = PBXFileReference; lastKnownFileType = file.storyboard; name = Base; path = Base.lproj/Main.storyboard; sourceTree = "<group>"; };
		D8BA72DD203B3AC600407EFD /* Amazon.xcdatamodel */ = {isa = PBXFileReference; lastKnownFileType = wrapper.xcdatamodel; path = Amazon.xcdatamodel; sourceTree = "<group>"; };
		D8BA72DF203B3AC600407EFD /* Assets.xcassets */ = {isa = PBXFileReference; lastKnownFileType = folder.assetcatalog; path = Assets.xcassets; sourceTree = "<group>"; };
		D8BA72E2203B3AC600407EFD /* Base */ = {isa = PBXFileReference; lastKnownFileType = file.storyboard; name = Base; path = Base.lproj/LaunchScreen.storyboard; sourceTree = "<group>"; };
		D8BA72E4203B3AC600407EFD /* Info.plist */ = {isa = PBXFileReference; lastKnownFileType = text.plist.xml; path = Info.plist; sourceTree = "<group>"; };
		D8BA72E5203B3AC600407EFD /* main.m */ = {isa = PBXFileReference; lastKnownFileType = sourcecode.c.objc; path = main.m; sourceTree = "<group>"; };
		D8EDAF1C20459317002AC498 /* MyViewController.h */ = {isa = PBXFileReference; lastKnownFileType = sourcecode.c.h; path = MyViewController.h; sourceTree = "<group>"; };
		D8EDAF1D20459317002AC498 /* MyViewController.m */ = {isa = PBXFileReference; lastKnownFileType = sourcecode.c.objc; path = MyViewController.m; sourceTree = "<group>"; };
/* End PBXFileReference section */

/* Begin PBXFrameworksBuildPhase section */
		D8BA72CD203B3AC600407EFD /* Frameworks */ = {
			isa = PBXFrameworksBuildPhase;
			buildActionMask = 2147483647;
			files = (
			);
			runOnlyForDeploymentPostprocessing = 0;
		};
/* End PBXFrameworksBuildPhase section */

/* Begin PBXGroup section */
		D8BA72C7203B3AC600407EFD = {
			isa = PBXGroup;
			children = (
				D8BA72D2203B3AC600407EFD /* Amazon */,
				D8BA72D1203B3AC600407EFD /* Products */,
			);
			sourceTree = "<group>";
		};
		D8BA72D1203B3AC600407EFD /* Products */ = {
			isa = PBXGroup;
			children = (
				D8BA72D0203B3AC600407EFD /* Amazon.app */,
			);
			name = Products;
			sourceTree = "<group>";
		};
		D8BA72D2203B3AC600407EFD /* Amazon */ = {
			isa = PBXGroup;
			children = (
				D8EDAF1C20459317002AC498 /* MyViewController.h */,
				D8EDAF1D20459317002AC498 /* MyViewController.m */,
				D8BA72D3203B3AC600407EFD /* AppDelegate.h */,
				D8BA72D4203B3AC600407EFD /* AppDelegate.m */,
				D8BA72D9203B3AC600407EFD /* Main.storyboard */,
				D8BA72DF203B3AC600407EFD /* Assets.xcassets */,
				D8BA72E1203B3AC600407EFD /* LaunchScreen.storyboard */,
				D8BA72E4203B3AC600407EFD /* Info.plist */,
				D8BA72E5203B3AC600407EFD /* main.m */,
				D8BA72DC203B3AC600407EFD /* Amazon.xcdatamodeld */,
			);
			path = Amazon;
			sourceTree = "<group>";
		};
/* End PBXGroup section */

/* Begin PBXNativeTarget section */
		D8BA72CF203B3AC600407EFD /* Amazon */ = {
			isa = PBXNativeTarget;
			buildConfigurationList = D8BA72E9203B3AC600407EFD /* Build configuration list for PBXNativeTarget "Amazon" */;
			buildPhases = (
				D8BA72CC203B3AC600407EFD /* Sources */,
				D8BA72CD203B3AC600407EFD /* Frameworks */,
				D8BA72CE203B3AC600407EFD /* Resources */,
			);
			buildRules = (
			);
			dependencies = (
			);
			name = Amazon;
			productName = Amazon;
			productReference = D8BA72D0203B3AC600407EFD /* Amazon.app */;
			productType = "com.apple.product-type.application";
		};
/* End PBXNativeTarget section */

/* Begin PBXProject section */
		D8BA72C8203B3AC600407EFD /* Project object */ = {
			isa = PBXProject;
			attributes = {
				LastUpgradeCheck = 0920;
				ORGANIZATIONNAME = "Nathan Hsu";
				TargetAttributes = {
					D8BA72CF203B3AC600407EFD = {
						CreatedOnToolsVersion = 9.2;
						ProvisioningStyle = Automatic;
					};
				};
			};
			buildConfigurationList = D8BA72CB203B3AC600407EFD /* Build configuration list for PBXProject "Amazon" */;
			compatibilityVersion = "Xcode 8.0";
			developmentRegion = en;
			hasScannedForEncodings = 0;
			knownRegions = (
				en,
				Base,
			);
			mainGroup = D8BA72C7203B3AC600407EFD;
			productRefGroup = D8BA72D1203B3AC600407EFD /* Products */;
			projectDirPath = "";
			projectRoot = "";
			targets = (
				D8BA72CF203B3AC600407EFD /* Amazon */,
			);
		};
/* End PBXProject section */

/* Begin PBXResourcesBuildPhase section */
		D8BA72CE203B3AC600407EFD /* Resources */ = {
			isa = PBXResourcesBuildPhase;
			buildActionMask = 2147483647;
			files = (
				D8BA72E3203B3AC600407EFD /* LaunchScreen.storyboard in Resources */,
				D8BA72E0203B3AC600407EFD /* Assets.xcassets in Resources */,
				D8BA72DB203B3AC600407EFD /* Main.storyboard in Resources */,
			);
			runOnlyForDeploymentPostprocessing = 0;
		};
/* End PBXResourcesBuildPhase section */

/* Begin PBXSourcesBuildPhase section */
		D8BA72CC203B3AC600407EFD /* Sources */ = {
			isa = PBXSourcesBuildPhase;
			buildActionMask = 2147483647;
			files = (
				D8BA72DE203B3AC600407EFD /* Amazon.xcdatamodeld in Sources */,
				D8BA72E6203B3AC600407EFD /* main.m in Sources */,
				D8EDAF1E20459317002AC498 /* MyViewController.m in Sources */,
				D8BA72D5203B3AC600407EFD /* AppDelegate.m in Sources */,
			);
			runOnlyForDeploymentPostprocessing = 0;
		};
/* End PBXSourcesBuildPhase section */

/* Begin PBXVariantGroup section */
		D8BA72D9203B3AC600407EFD /* Main.storyboard */ = {
			isa = PBXVariantGroup;
			children = (
				D8BA72DA203B3AC600407EFD /* Base */,
			);
			name = Main.storyboard;
			sourceTree = "<group>";
		};
		D8BA72E1203B3AC600407EFD /* LaunchScreen.storyboard */ = {
			isa = PBXVariantGroup;
			children = (
				D8BA72E2203B3AC600407EFD /* Base */,
			);
			name = LaunchScreen.storyboard;
			sourceTree = "<group>";
		};
/* End PBXVariantGroup section */

/* Begin XCBuildConfiguration section */
		D8BA72E7203B3AC600407EFD /* Debug */ = {
			isa = XCBuildConfiguration;
			buildSettings = {
				ALWAYS_SEARCH_USER_PATHS = NO;
				CLANG_ANALYZER_NONNULL = YES;
				CLANG_ANALYZER_NUMBER_OBJECT_CONVERSION = YES_AGGRESSIVE;
				CLANG_CXX_LANGUAGE_STANDARD = "gnu++14";
				CLANG_CXX_LIBRARY = "libc++";
				CLANG_ENABLE_MODULES = YES;
				CLANG_ENABLE_OBJC_ARC = YES;
				CLANG_WARN_BLOCK_CAPTURE_AUTORELEASING = YES;
				CLANG_WARN_BOOL_CONVERSION = YES;
				CLANG_WARN_COMMA = YES;
				CLANG_WARN_CONSTANT_CONVERSION = YES;
				CLANG_WARN_DIRECT_OBJC_ISA_USAGE = YES_ERROR;
				CLANG_WARN_DOCUMENTATION_COMMENTS = YES;
				CLANG_WARN_EMPTY_BODY = YES;
				CLANG_WARN_ENUM_CONVERSION = YES;
				CLANG_WARN_INFINITE_RECURSION = YES;
				CLANG_WARN_INT_CONVERSION = YES;
				CLANG_WARN_NON_LITERAL_NULL_CONVERSION = YES;
				CLANG_WARN_OBJC_LITERAL_CONVERSION = YES;
				CLANG_WARN_OBJC_ROOT_CLASS = YES_ERROR;
				CLANG_WARN_RANGE_LOOP_ANALYSIS = YES;
				CLANG_WARN_STRICT_PROTOTYPES = YES;
				CLANG_WARN_SUSPICIOUS_MOVE = YES;
				CLANG_WARN_UNGUARDED_AVAILABILITY = YES_AGGRESSIVE;
				CLANG_WARN_UNREACHABLE_CODE = YES;
				CLANG_WARN__DUPLICATE_METHOD_MATCH = YES;
				CODE_SIGN_IDENTITY = "iPhone Developer";
				COPY_PHASE_STRIP = NO;
				DEBUG_INFORMATION_FORMAT = dwarf;
				ENABLE_STRICT_OBJC_MSGSEND = YES;
				ENABLE_TESTABILITY = YES;
				GCC_C_LANGUAGE_STANDARD = gnu11;
				GCC_DYNAMIC_NO_PIC = NO;
				GCC_NO_COMMON_BLOCKS = YES;
				GCC_OPTIMIZATION_LEVEL = 0;
				GCC_PREPROCESSOR_DEFINITIONS = (
					"DEBUG=1",
					"$(inherited)",
				);
				GCC_WARN_64_TO_32_BIT_CONVERSION = YES;
				GCC_WARN_ABOUT_RETURN_TYPE = YES_ERROR;
				GCC_WARN_UNDECLARED_SELECTOR = YES;
				GCC_WARN_UNINITIALIZED_AUTOS = YES_AGGRESSIVE;
				GCC_WARN_UNUSED_FUNCTION = YES;
				GCC_WARN_UNUSED_VARIABLE = YES;
				IPHONEOS_DEPLOYMENT_TARGET = 11.2;
				MTL_ENABLE_DEBUG_INFO = YES;
				ONLY_ACTIVE_ARCH = YES;
				SDKROOT = iphoneos;
			};
			name = Debug;
		};
		D8BA72E8203B3AC600407EFD /* Release */ = {
			isa = XCBuildConfiguration;
			buildSettings = {
				ALWAYS_SEARCH_USER_PATHS = NO;
				CLANG_ANALYZER_NONNULL = YES;
				CLANG_ANALYZER_NUMBER_OBJECT_CONVERSION = YES_AGGRESSIVE;
				CLANG_CXX_LANGUAGE_STANDARD = "gnu++14";
				CLANG_CXX_LIBRARY = "libc++";
				CLANG_ENABLE_MODULES = YES;
				CLANG_ENABLE_OBJC_ARC = YES;
				CLANG_WARN_BLOCK_CAPTURE_AUTORELEASING = YES;
				CLANG_WARN_BOOL_CONVERSION = YES;
				CLANG_WARN_COMMA = YES;
				CLANG_WARN_CONSTANT_CONVERSION = YES;
				CLANG_WARN_DIRECT_OBJC_ISA_USAGE = YES_ERROR;
				CLANG_WARN_DOCUMENTATION_COMMENTS = YES;
				CLANG_WARN_EMPTY_BODY = YES;
				CLANG_WARN_ENUM_CONVERSION = YES;
				CLANG_WARN_INFINITE_RECURSION = YES;
				CLANG_WARN_INT_CONVERSION = YES;
				CLANG_WARN_NON_LITERAL_NULL_CONVERSION = YES;
				CLANG_WARN_OBJC_LITERAL_CONVERSION = YES;
				CLANG_WARN_OBJC_ROOT_CLASS = YES_ERROR;
				CLANG_WARN_RANGE_LOOP_ANALYSIS = YES;
				CLANG_WARN_STRICT_PROTOTYPES = YES;
				CLANG_WARN_SUSPICIOUS_MOVE = YES;
				CLANG_WARN_UNGUARDED_AVAILABILITY = YES_AGGRESSIVE;
				CLANG_WARN_UNREACHABLE_CODE = YES;
				CLANG_WARN__DUPLICATE_METHOD_MATCH = YES;
				CODE_SIGN_IDENTITY = "iPhone Developer";
				COPY_PHASE_STRIP = NO;
				DEBUG_INFORMATION_FORMAT = "dwarf-with-dsym";
				ENABLE_NS_ASSERTIONS = NO;
				ENABLE_STRICT_OBJC_MSGSEND = YES;
				GCC_C_LANGUAGE_STANDARD = gnu11;
				GCC_NO_COMMON_BLOCKS = YES;
				GCC_WARN_64_TO_32_BIT_CONVERSION = YES;
				GCC_WARN_ABOUT_RETURN_TYPE = YES_ERROR;
				GCC_WARN_UNDECLARED_SELECTOR = YES;
				GCC_WARN_UNINITIALIZED_AUTOS = YES_AGGRESSIVE;
				GCC_WARN_UNUSED_FUNCTION = YES;
				GCC_WARN_UNUSED_VARIABLE = YES;
				IPHONEOS_DEPLOYMENT_TARGET = 11.2;
				MTL_ENABLE_DEBUG_INFO = NO;
				SDKROOT = iphoneos;
				VALIDATE_PRODUCT = YES;
			};
			name = Release;
		};
		D8BA72EA203B3AC600407EFD /* Debug */ = {
			isa = XCBuildConfiguration;
			buildSettings = {
				ASSETCATALOG_COMPILER_APPICON_NAME = AppIcon;
				CODE_SIGN_STYLE = Automatic;
				DEVELOPMENT_TEAM = 34PVCRW63B;
				INFOPLIST_FILE = Amazon/Info.plist;
				LD_RUNPATH_SEARCH_PATHS = "$(inherited) @executable_path/Frameworks";
				PRODUCT_BUNDLE_IDENTIFIER = Hsunami.Amazon;
				PRODUCT_NAME = "$(TARGET_NAME)";
				TARGETED_DEVICE_FAMILY = "1,2";
			};
			name = Debug;
		};
		D8BA72EB203B3AC600407EFD /* Release */ = {
			isa = XCBuildConfiguration;
			buildSettings = {
				ASSETCATALOG_COMPILER_APPICON_NAME = AppIcon;
				CODE_SIGN_STYLE = Automatic;
				DEVELOPMENT_TEAM = 34PVCRW63B;
				INFOPLIST_FILE = Amazon/Info.plist;
				LD_RUNPATH_SEARCH_PATHS = "$(inherited) @executable_path/Frameworks";
				PRODUCT_BUNDLE_IDENTIFIER = Hsunami.Amazon;
				PRODUCT_NAME = "$(TARGET_NAME)";
				TARGETED_DEVICE_FAMILY = "1,2";
			};
			name = Release;
		};
/* End XCBuildConfiguration section */

/* Begin XCConfigurationList section */
		D8BA72CB203B3AC600407EFD /* Build configuration list for PBXProject "Amazon" */ = {
			isa = XCConfigurationList;
			buildConfigurations = (
				D8BA72E7203B3AC600407EFD /* Debug */,
				D8BA72E8203B3AC600407EFD /* Release */,
			);
			defaultConfigurationIsVisible = 0;
			defaultConfigurationName = Release;
		};
		D8BA72E9203B3AC600407EFD /* Build configuration list for PBXNativeTarget "Amazon" */ = {
			isa = XCConfigurationList;
			buildConfigurations = (
				D8BA72EA203B3AC600407EFD /* Debug */,
				D8BA72EB203B3AC600407EFD /* Release */,
			);
			defaultConfigurationIsVisible = 0;
			defaultConfigurationName = Release;
		};
/* End XCConfigurationList section */

/* Begin XCVersionGroup section */
		D8BA72DC203B3AC600407EFD /* Amazon.xcdatamodeld */ = {
			isa = XCVersionGroup;
			children = (
				D8BA72DD203B3AC600407EFD /* Amazon.xcdatamodel */,
			);
			currentVersion = D8BA72DD203B3AC600407EFD /* Amazon.xcdatamodel */;
			path = Amazon.xcdatamodeld;
			sourceTree = "<group>";
			versionGroupType = wrapper.xcdatamodel;
		};
/* End XCVersionGroup section */
	};
	rootObject = D8BA72C8203B3AC600407EFD /* Project object */;
}
